
Microsoft Visual Studio Solution File, Format Version 12.00
# Visual Studio Version 16
VisualStudioVersion = 16.0.31019.35
MinimumVisualStudioVersion = 10.0.40219.1
Project("{FAE04EC0-301F-11D3-BF4B-00C04F79EFBC}") = "StudentsListApi", "StudentsListApi\StudentsListApi.csproj", "{DAE0B8D2-DC1D-4BA3-9C09-FFE501B343AA}"
EndProject
Project("{FAE04EC0-301F-11D3-BF4B-00C04F79EFBC}") = "NUnitTest", "NUnitTest\NUnitTest.csproj", "{54EFFF1C-254E-4A36-9D1B-51740900DD5C}"
EndProject
Global
	GlobalSection(SolutionConfigurationPlatforms) = preSolution
		Debug|Any CPU = Debug|Any CPU
		Release|Any CPU = Release|Any CPU
	EndGlobalSection
	GlobalSection(ProjectConfigurationPlatforms) = postSolution
		{DAE0B8D2-DC1D-4BA3-9C09-FFE501B343AA}.Debug|Any CPU.ActiveCfg = Debug|Any CPU
		{DAE0B8D2-DC1D-4BA3-9C09-FFE501B343AA}.Debug|Any CPU.Build.0 = Debug|Any CPU
		{DAE0B8D2-DC1D-4BA3-9C09-FFE501B343AA}.Release|Any CPU.ActiveCfg = Release|Any CPU
		{DAE0B8D2-DC1D-4BA3-9C09-FFE501B343AA}.Release|Any CPU.Build.0 = Release|Any CPU
		{54EFFF1C-254E-4A36-9D1B-51740900DD5C}.Debug|Any CPU.ActiveCfg = Debug|Any CPU
		{54EFFF1C-254E-4A36-9D1B-51740900DD5C}.Debug|Any CPU.Build.0 = Debug|Any CPU
		{54EFFF1C-254E-4A36-9D1B-51740900DD5C}.Release|Any CPU.ActiveCfg = Release|Any CPU
		{54EFFF1C-254E-4A36-9D1B-51740900DD5C}.Release|Any CPU.Build.0 = Release|Any CPU
	EndGlobalSection
	GlobalSection(SolutionProperties) = preSolution
		HideSolutionNode = FALSE
	EndGlobalSection
	GlobalSection(ExtensibilityGlobals) = postSolution
		SolutionGuid = {9D8B7AE5-1F74-404A-9DF2-CF9F7150B523}
	EndGlobalSection
EndGlobal
